
Microsoft Visual Studio Solution File, Format Version 12.00
# Visual Studio Version 16
VisualStudioVersion = 25.0.1706.1
MinimumVisualStudioVersion = 10.0.40219.1
Project("{FAE04EC0-301F-11D3-BF4B-00C04F79EFBC}") = "WordleConsoleClone", "WordleConsoleClone.csproj", "{0D644B35-D903-4415-BB68-B80843560C54}"
EndProject
Global
	GlobalSection(SolutionConfigurationPlatforms) = preSolution
		Debug|Any CPU = Debug|Any CPU
		Release|Any CPU = Release|Any CPU
	EndGlobalSection
	GlobalSection(ProjectConfigurationPlatforms) = postSolution
		{0D644B35-D903-4415-BB68-B80843560C54}.Debug|Any CPU.ActiveCfg = Debug|Any CPU
		{0D644B35-D903-4415-BB68-B80843560C54}.Debug|Any CPU.Build.0 = Debug|Any CPU
		{0D644B35-D903-4415-BB68-B80843560C54}.Release|Any CPU.ActiveCfg = Release|Any CPU
		{0D644B35-D903-4415-BB68-B80843560C54}.Release|Any CPU.Build.0 = Release|Any CPU
	EndGlobalSection
	GlobalSection(SolutionProperties) = preSolution
		HideSolutionNode = FALSE
	EndGlobalSection
	GlobalSection(ExtensibilityGlobals) = postSolution
		SolutionGuid = {F62797A7-2C58-4202-8F2A-4FAE346F0094}
	EndGlobalSection
EndGlobal
